{
  "name": "@rogerchappel/tool-demo-script",
  "version": "1.0.0",
  "lockfileVersion": 3,
  "requires": true,
  "packages": {
    "": {
      "name": "@rogerchappel/tool-demo-script",
      "version": "1.0.0",
      "license": "MIT",
      "bin": {
        "tool-demo-script": "bin/tool-demo-script.js"
      },
      "engines": {
        "node": ">=18"
      }
    }
  }
}
